// !$*UTF8*$!
{
	archiveVersion = 1;
	classes = {
	};
	objectVersion = 77;
	objects = {

/* Begin PBXContainerItemProxy section */
		5E40CC822E464B9600CFE281 /* PBXContainerItemProxy */ = {
			isa = PBXContainerItemProxy;
			containerPortal = 5E40CC6C2E464B9400CFE281 /* Project object */;
			proxyType = 1;
			remoteGlobalIDString = 5E40CC732E464B9400CFE281;
			remoteInfo = DocToPDF;
		};
		5E40CC8C2E464B9600CFE281 /* PBXContainerItemProxy */ = {
			isa = PBXContainerItemProxy;
			containerPortal = 5E40CC6C2E464B9400CFE281 /* Project object */;
			proxyType = 1;
			remoteGlobalIDString = 5E40CC732E464B9400CFE281;
			remoteInfo = DocToPDF;
		};
/* End PBXContainerItemProxy section */

/* Begin PBXFileReference section */
		5E40CC742E464B9400CFE281 /* DocToPDF.app */ = {isa = PBXFileReference; explicitFileType = wrapper.application; includeInIndex = 0; path = DocToPDF.app; sourceTree = BUILT_PRODUCTS_DIR; };
		5E40CC812E464B9600CFE281 /* DocToPDFTests.xctest */ = {isa = PBXFileReference; explicitFileType = wrapper.cfbundle; includeInIndex = 0; path = DocToPDFTests.xctest; sourceTree = BUILT_PRODUCTS_DIR; };
		5E40CC8B2E464B9600CFE281 /* DocToPDFUITests.xctest */ = {isa = PBXFileReference; explicitFileType = wrapper.cfbundle; includeInIndex = 0; path = DocToPDFUITests.xctest; sourceTree = BUILT_PRODUCTS_DIR; };
/* End PBXFileReference section */

/* Begin PBXFileSystemSynchronizedRootGroup section */
		5E40CC762E464B9400CFE281 /* DocToPDF */ = {
			isa = PBXFileSystemSynchronizedRootGroup;
			path = DocToPDF;
			sourceTree = "<group>";
		};
		5E40CC842E464B9600CFE281 /* DocToPDFTests */ = {
			isa = PBXFileSystemSynchronizedRootGroup;
			path = DocToPDFTests;
			sourceTree = "<group>";
		};
		5E40CC8E2E464B9600CFE281 /* DocToPDFUITests */ = {
			isa = PBXFileSystemSynchronizedRootGroup;
			path = DocToPDFUITests;
			sourceTree = "<group>";
		};
/* End PBXFileSystemSynchronizedRootGroup section */

/* Begin PBXFrameworksBuildPhase section */
		5E40CC712E464B9400CFE281 /* Frameworks */ = {
			isa = PBXFrameworksBuildPhase;
			buildActionMask = 2147483647;
			files = (
			);
			runOnlyForDeploymentPostprocessing = 0;
		};
		5E40CC7E2E464B9600CFE281 /* Frameworks */ = {
			isa = PBXFrameworksBuildPhase;
			buildActionMask = 2147483647;
			files = (
			);
			runOnlyForDeploymentPostprocessing = 0;
		};
		5E40CC882E464B9600CFE281 /* Frameworks */ = {
			isa = PBXFrameworksBuildPhase;
			buildActionMask = 2147483647;
			files = (
			);
			runOnlyForDeploymentPostprocessing = 0;
		};
/* End PBXFrameworksBuildPhase section */

/* Begin PBXGroup section */
		5E40CC6B2E464B9400CFE281 = {
			isa = PBXGroup;
			children = (
				5E40CC762E464B9400CFE281 /* DocToPDF */,
				5E40CC842E464B9600CFE281 /* DocToPDFTests */,
				5E40CC8E2E464B9600CFE281 /* DocToPDFUITests */,
				5E40CC752E464B9400CFE281 /* Products */,
			);
			sourceTree = "<group>";
		};
		5E40CC752E464B9400CFE281 /* Products */ = {
			isa = PBXGroup;
			children = (
				5E40CC742E464B9400CFE281 /* DocToPDF.app */,
				5E40CC812E464B9600CFE281 /* DocToPDFTests.xctest */,
				5E40CC8B2E464B9600CFE281 /* DocToPDFUITests.xctest */,
			);
			name = Products;
			sourceTree = "<group>";
		};
/* End PBXGroup section */

/* Begin PBXNativeTarget section */
		5E40CC732E464B9400CFE281 /* DocToPDF */ = {
			isa = PBXNativeTarget;
			buildConfigurationList = 5E40CC952E464B9600CFE281 /* Build configuration list for PBXNativeTarget "DocToPDF" */;
			buildPhases = (
				5E40CC702E464B9400CFE281 /* Sources */,
				5E40CC712E464B9400CFE281 /* Frameworks */,
				5E40CC722E464B9400CFE281 /* Resources */,
			);
			buildRules = (
			);
			dependencies = (
			);
			fileSystemSynchronizedGroups = (
				5E40CC762E464B9400CFE281 /* DocToPDF */,
			);
			name = DocToPDF;
			packageProductDependencies = (
			);
			productName = DocToPDF;
			productReference = 5E40CC742E464B9400CFE281 /* DocToPDF.app */;
			productType = "com.apple.product-type.application";
		};
		5E40CC802E464B9600CFE281 /* DocToPDFTests */ = {
			isa = PBXNativeTarget;
			buildConfigurationList = 5E40CC982E464B9600CFE281 /* Build configuration list for PBXNativeTarget "DocToPDFTests" */;
			buildPhases = (
				5E40CC7D2E464B9600CFE281 /* Sources */,
				5E40CC7E2E464B9600CFE281 /* Frameworks */,
				5E40CC7F2E464B9600CFE281 /* Resources */,
			);
			buildRules = (
			);
			dependencies = (
				5E40CC832E464B9600CFE281 /* PBXTargetDependency */,
			);
			fileSystemSynchronizedGroups = (
				5E40CC842E464B9600CFE281 /* DocToPDFTests */,
			);
			name = DocToPDFTests;
			packageProductDependencies = (
			);
			productName = DocToPDFTests;
			productReference = 5E40CC812E464B9600CFE281 /* DocToPDFTests.xctest */;
			productType = "com.apple.product-type.bundle.unit-test";
		};
		5E40CC8A2E464B9600CFE281 /* DocToPDFUITests */ = {
			isa = PBXNativeTarget;
			buildConfigurationList = 5E40CC9B2E464B9600CFE281 /* Build configuration list for PBXNativeTarget "DocToPDFUITests" */;
			buildPhases = (
				5E40CC872E464B9600CFE281 /* Sources */,
				5E40CC882E464B9600CFE281 /* Frameworks */,
				5E40CC892E464B9600CFE281 /* Resources */,
			);
			buildRules = (
			);
			dependencies = (
				5E40CC8D2E464B9600CFE281 /* PBXTargetDependency */,
			);
			fileSystemSynchronizedGroups = (
				5E40CC8E2E464B9600CFE281 /* DocToPDFUITests */,
			);
			name = DocToPDFUITests;
			packageProductDependencies = (
			);
			productName = DocToPDFUITests;
			productReference = 5E40CC8B2E464B9600CFE281 /* DocToPDFUITests.xctest */;
			productType = "com.apple.product-type.bundle.ui-testing";
		};
/* End PBXNativeTarget section */

/* Begin PBXProject section */
		5E40CC6C2E464B9400CFE281 /* Project object */ = {
			isa = PBXProject;
			attributes = {
				BuildIndependentTargetsInParallel = 1;
				LastSwiftUpdateCheck = 1640;
				LastUpgradeCheck = 1640;
				TargetAttributes = {
					5E40CC732E464B9400CFE281 = {
						CreatedOnToolsVersion = 16.4;
					};
					5E40CC802E464B9600CFE281 = {
						CreatedOnToolsVersion = 16.4;
						TestTargetID = 5E40CC732E464B9400CFE281;
					};
					5E40CC8A2E464B9600CFE281 = {
						CreatedOnToolsVersion = 16.4;
						TestTargetID = 5E40CC732E464B9400CFE281;
					};
				};
			};
			buildConfigurationList = 5E40CC6F2E464B9400CFE281 /* Build configuration list for PBXProject "DocToPDF" */;
			developmentRegion = en;
			hasScannedForEncodings = 0;
			knownRegions = (
				en,
				Base,
			);
			mainGroup = 5E40CC6B2E464B9400CFE281;
			minimizedProjectReferenceProxies = 1;
			preferredProjectObjectVersion = 77;
			productRefGroup = 5E40CC752E464B9400CFE281 /* Products */;
			projectDirPath = "";
			projectRoot = "";
			targets = (
				5E40CC732E464B9400CFE281 /* DocToPDF */,
				5E40CC802E464B9600CFE281 /* DocToPDFTests */,
				5E40CC8A2E464B9600CFE281 /* DocToPDFUITests */,
			);
		};
/* End PBXProject section */

/* Begin PBXResourcesBuildPhase section */
		5E40CC722E464B9400CFE281 /* Resources */ = {
			isa = PBXResourcesBuildPhase;
			buildActionMask = 2147483647;
			files = (
			);
			runOnlyForDeploymentPostprocessing = 0;
		};
		5E40CC7F2E464B9600CFE281 /* Resources */ = {
			isa = PBXResourcesBuildPhase;
			buildActionMask = 2147483647;
			files = (
			);
			runOnlyForDeploymentPostprocessing = 0;
		};
		5E40CC892E464B9600CFE281 /* Resources */ = {
			isa = PBXResourcesBuildPhase;
			buildActionMask = 2147483647;
			files = (
			);
			runOnlyForDeploymentPostprocessing = 0;
		};
/* End PBXResourcesBuildPhase section */

/* Begin PBXSourcesBuildPhase section */
		5E40CC702E464B9400CFE281 /* Sources */ = {
			isa = PBXSourcesBuildPhase;
			buildActionMask = 2147483647;
			files = (
			);
			runOnlyForDeploymentPostprocessing = 0;
		};
		5E40CC7D2E464B9600CFE281 /* Sources */ = {
			isa = PBXSourcesBuildPhase;
			buildActionMask = 2147483647;
			files = (
			);
			runOnlyForDeploymentPostprocessing = 0;
		};
		5E40CC872E464B9600CFE281 /* Sources */ = {
			isa = PBXSourcesBuildPhase;
			buildActionMask = 2147483647;
			files = (
			);
			runOnlyForDeploymentPostprocessing = 0;
		};
/* End PBXSourcesBuildPhase section */

/* Begin PBXTargetDependency section */
		5E40CC832E464B9600CFE281 /* PBXTargetDependency */ = {
			isa = PBXTargetDependency;
			target = 5E40CC732E464B9400CFE281 /* DocToPDF */;
			targetProxy = 5E40CC822E464B9600CFE281 /* PBXContainerItemProxy */;
		};
		5E40CC8D2E464B9600CFE281 /* PBXTargetDependency */ = {
			isa = PBXTargetDependency;
			target = 5E40CC732E464B9400CFE281 /* DocToPDF */;
			targetProxy = 5E40CC8C2E464B9600CFE281 /* PBXContainerItemProxy */;
		};
/* End PBXTargetDependency section */

/* Begin XCBuildConfiguration section */
		5E40CC932E464B9600CFE281 /* Debug */ = {
			isa = XCBuildConfiguration;
			buildSettings = {
				ALWAYS_SEARCH_USER_PATHS = NO;
				ASSETCATALOG_COMPILER_GENERATE_SWIFT_ASSET_SYMBOL_EXTENSIONS = YES;
				CLANG_ANALYZER_NONNULL = YES;
				CLANG_ANALYZER_NUMBER_OBJECT_CONVERSION = YES_AGGRESSIVE;
				CLANG_CXX_LANGUAGE_STANDARD = "gnu++20";
				CLANG_ENABLE_MODULES = YES;
				CLANG_ENABLE_OBJC_ARC = YES;
				CLANG_ENABLE_OBJC_WEAK = YES;
				CLANG_WARN_BLOCK_CAPTURE_AUTORELEASING = YES;
				CLANG_WARN_BOOL_CONVERSION = YES;
				CLANG_WARN_COMMA = YES;
				CLANG_WARN_CONSTANT_CONVERSION = YES;
				CLANG_WARN_DEPRECATED_OBJC_IMPLEMENTATIONS = YES;
				CLANG_WARN_DIRECT_OBJC_ISA_USAGE = YES_ERROR;
				CLANG_WARN_DOCUMENTATION_COMMENTS = YES;
				CLANG_WARN_EMPTY_BODY = YES;
				CLANG_WARN_ENUM_CONVERSION = YES;
				CLANG_WARN_INFINITE_RECURSION = YES;
				CLANG_WARN_INT_CONVERSION = YES;
				CLANG_WARN_NON_LITERAL_NULL_CONVERSION = YES;
				CLANG_WARN_OBJC_IMPLICIT_RETAIN_SELF = YES;
				CLANG_WARN_OBJC_LITERAL_CONVERSION = YES;
				CLANG_WARN_OBJC_ROOT_CLASS = YES_ERROR;
				CLANG_WARN_QUOTED_INCLUDE_IN_FRAMEWORK_HEADER = YES;
				CLANG_WARN_RANGE_LOOP_ANALYSIS = YES;
				CLANG_WARN_STRICT_PROTOTYPES = YES;
				CLANG_WARN_SUSPICIOUS_MOVE = YES;
				CLANG_WARN_UNGUARDED_AVAILABILITY = YES_AGGRESSIVE;
				CLANG_WARN_UNREACHABLE_CODE = YES;
				CLANG_WARN__DUPLICATE_METHOD_MATCH = YES;
				COPY_PHASE_STRIP = NO;
				DEBUG_INFORMATION_FORMAT = dwarf;
				DEVELOPMENT_TEAM = Q588RW3XFK;
				ENABLE_STRICT_OBJC_MSGSEND = YES;
				ENABLE_TESTABILITY = YES;
				ENABLE_USER_SCRIPT_SANDBOXING = YES;
				GCC_C_LANGUAGE_STANDARD = gnu17;
				GCC_DYNAMIC_NO_PIC = NO;
				GCC_NO_COMMON_BLOCKS = YES;
				GCC_OPTIMIZATION_LEVEL = 0;
				GCC_PREPROCESSOR_DEFINITIONS = (
					"DEBUG=1",
					"$(inherited)",
				);
				GCC_WARN_64_TO_32_BIT_CONVERSION = YES;
				GCC_WARN_ABOUT_RETURN_TYPE = YES_ERROR;
				GCC_WARN_UNDECLARED_SELECTOR = YES;
				GCC_WARN_UNINITIALIZED_AUTOS = YES_AGGRESSIVE;
				GCC_WARN_UNUSED_FUNCTION = YES;
				GCC_WARN_UNUSED_VARIABLE = YES;
				IPHONEOS_DEPLOYMENT_TARGET = 18.5;
				LOCALIZATION_PREFERS_STRING_CATALOGS = YES;
				MTL_ENABLE_DEBUG_INFO = INCLUDE_SOURCE;
				MTL_FAST_MATH = YES;
				ONLY_ACTIVE_ARCH = YES;
				SDKROOT = iphoneos;
				SWIFT_ACTIVE_COMPILATION_CONDITIONS = "DEBUG $(inherited)";
				SWIFT_OPTIMIZATION_LEVEL = "-Onone";
			};
			name = Debug;
		};
		5E40CC942E464B9600CFE281 /* Release */ = {
			isa = XCBuildConfiguration;
			buildSettings = {
				ALWAYS_SEARCH_USER_PATHS = NO;
				ASSETCATALOG_COMPILER_GENERATE_SWIFT_ASSET_SYMBOL_EXTENSIONS = YES;
				CLANG_ANALYZER_NONNULL = YES;
				CLANG_ANALYZER_NUMBER_OBJECT_CONVERSION = YES_AGGRESSIVE;
				CLANG_CXX_LANGUAGE_STANDARD = "gnu++20";
				CLANG_ENABLE_MODULES = YES;
				CLANG_ENABLE_OBJC_ARC = YES;
				CLANG_ENABLE_OBJC_WEAK = YES;
				CLANG_WARN_BLOCK_CAPTURE_AUTORELEASING = YES;
				CLANG_WARN_BOOL_CONVERSION = YES;
				CLANG_WARN_COMMA = YES;
				CLANG_WARN_CONSTANT_CONVERSION = YES;
				CLANG_WARN_DEPRECATED_OBJC_IMPLEMENTATIONS = YES;
				CLANG_WARN_DIRECT_OBJC_ISA_USAGE = YES_ERROR;
				CLANG_WARN_DOCUMENTATION_COMMENTS = YES;
				CLANG_WARN_EMPTY_BODY = YES;
				CLANG_WARN_ENUM_CONVERSION = YES;
				CLANG_WARN_INFINITE_RECURSION = YES;
				CLANG_WARN_INT_CONVERSION = YES;
				CLANG_WARN_NON_LITERAL_NULL_CONVERSION = YES;
				CLANG_WARN_OBJC_IMPLICIT_RETAIN_SELF = YES;
				CLANG_WARN_OBJC_LITERAL_CONVERSION = YES;
				CLANG_WARN_OBJC_ROOT_CLASS = YES_ERROR;
				CLANG_WARN_QUOTED_INCLUDE_IN_FRAMEWORK_HEADER = YES;
				CLANG_WARN_RANGE_LOOP_ANALYSIS = YES;
				CLANG_WARN_STRICT_PROTOTYPES = YES;
				CLANG_WARN_SUSPICIOUS_MOVE = YES;
				CLANG_WARN_UNGUARDED_AVAILABILITY = YES_AGGRESSIVE;
				CLANG_WARN_UNREACHABLE_CODE = YES;
				CLANG_WARN__DUPLICATE_METHOD_MATCH = YES;
				COPY_PHASE_STRIP = NO;
				DEBUG_INFORMATION_FORMAT = "dwarf-with-dsym";
				DEVELOPMENT_TEAM = Q588RW3XFK;
				ENABLE_NS_ASSERTIONS = NO;
				ENABLE_STRICT_OBJC_MSGSEND = YES;
				ENABLE_USER_SCRIPT_SANDBOXING = YES;
				GCC_C_LANGUAGE_STANDARD = gnu17;
				GCC_NO_COMMON_BLOCKS = YES;
				GCC_WARN_64_TO_32_BIT_CONVERSION = YES;
				GCC_WARN_ABOUT_RETURN_TYPE = YES_ERROR;
				GCC_WARN_UNDECLARED_SELECTOR = YES;
				GCC_WARN_UNINITIALIZED_AUTOS = YES_AGGRESSIVE;
				GCC_WARN_UNUSED_FUNCTION = YES;
				GCC_WARN_UNUSED_VARIABLE = YES;
				IPHONEOS_DEPLOYMENT_TARGET = 18.5;
				LOCALIZATION_PREFERS_STRING_CATALOGS = YES;
				MTL_ENABLE_DEBUG_INFO = NO;
				MTL_FAST_MATH = YES;
				SDKROOT = iphoneos;
				SWIFT_COMPILATION_MODE = wholemodule;
				VALIDATE_PRODUCT = YES;
			};
			name = Release;
		};
		5E40CC962E464B9600CFE281 /* Debug */ = {
			isa = XCBuildConfiguration;
			buildSettings = {
				ASSETCATALOG_COMPILER_APPICON_NAME = AppIcon;
				ASSETCATALOG_COMPILER_GLOBAL_ACCENT_COLOR_NAME = AccentColor;
				CODE_SIGN_STYLE = Automatic;
				CURRENT_PROJECT_VERSION = 1;
				DEVELOPMENT_TEAM = Q588RW3XFK;
				ENABLE_PREVIEWS = YES;
				GENERATE_INFOPLIST_FILE = YES;
				INFOPLIST_KEY_UIApplicationSceneManifest_Generation = YES;
				INFOPLIST_KEY_UIApplicationSupportsIndirectInputEvents = YES;
				INFOPLIST_KEY_UILaunchScreen_Generation = YES;
				INFOPLIST_KEY_UISupportedInterfaceOrientations_iPad = "UIInterfaceOrientationPortrait UIInterfaceOrientationPortraitUpsideDown UIInterfaceOrientationLandscapeLeft UIInterfaceOrientationLandscapeRight";
				INFOPLIST_KEY_UISupportedInterfaceOrientations_iPhone = "UIInterfaceOrientationPortrait UIInterfaceOrientationLandscapeLeft UIInterfaceOrientationLandscapeRight";
				LD_RUNPATH_SEARCH_PATHS = (
					"$(inherited)",
					"@executable_path/Frameworks",
				);
				MARKETING_VERSION = 1.0;
				PRODUCT_BUNDLE_IDENTIFIER = "Devriel-Technologies.DocToPDF";
				PRODUCT_NAME = "$(TARGET_NAME)";
				SWIFT_EMIT_LOC_STRINGS = YES;
				SWIFT_VERSION = 5.0;
				TARGETED_DEVICE_FAMILY = "1,2";
			};
			name = Debug;
		};
		5E40CC972E464B9600CFE281 /* Release */ = {
			isa = XCBuildConfiguration;
			buildSettings = {
				ASSETCATALOG_COMPILER_APPICON_NAME = AppIcon;
				ASSETCATALOG_COMPILER_GLOBAL_ACCENT_COLOR_NAME = AccentColor;
				CODE_SIGN_STYLE = Automatic;
				CURRENT_PROJECT_VERSION = 1;
				DEVELOPMENT_TEAM = Q588RW3XFK;
				ENABLE_PREVIEWS = YES;
				GENERATE_INFOPLIST_FILE = YES;
				INFOPLIST_KEY_UIApplicationSceneManifest_Generation = YES;
				INFOPLIST_KEY_UIApplicationSupportsIndirectInputEvents = YES;
				INFOPLIST_KEY_UILaunchScreen_Generation = YES;
				INFOPLIST_KEY_UISupportedInterfaceOrientations_iPad = "UIInterfaceOrientationPortrait UIInterfaceOrientationPortraitUpsideDown UIInterfaceOrientationLandscapeLeft UIInterfaceOrientationLandscapeRight";
				INFOPLIST_KEY_UISupportedInterfaceOrientations_iPhone = "UIInterfaceOrientationPortrait UIInterfaceOrientationLandscapeLeft UIInterfaceOrientationLandscapeRight";
				LD_RUNPATH_SEARCH_PATHS = (
					"$(inherited)",
					"@executable_path/Frameworks",
				);
				MARKETING_VERSION = 1.0;
				PRODUCT_BUNDLE_IDENTIFIER = "Devriel-Technologies.DocToPDF";
				PRODUCT_NAME = "$(TARGET_NAME)";
				SWIFT_EMIT_LOC_STRINGS = YES;
				SWIFT_VERSION = 5.0;
				TARGETED_DEVICE_FAMILY = "1,2";
			};
			name = Release;
		};
		5E40CC992E464B9600CFE281 /* Debug */ = {
			isa = XCBuildConfiguration;
			buildSettings = {
				BUNDLE_LOADER = "$(TEST_HOST)";
				CODE_SIGN_STYLE = Automatic;
				CURRENT_PROJECT_VERSION = 1;
				DEVELOPMENT_TEAM = Q588RW3XFK;
				GENERATE_INFOPLIST_FILE = YES;
				IPHONEOS_DEPLOYMENT_TARGET = 18.5;
				MARKETING_VERSION = 1.0;
				PRODUCT_BUNDLE_IDENTIFIER = "Devriel-Technologies.DocToPDFTests";
				PRODUCT_NAME = "$(TARGET_NAME)";
				SWIFT_EMIT_LOC_STRINGS = NO;
				SWIFT_VERSION = 5.0;
				TARGETED_DEVICE_FAMILY = "1,2";
				TEST_HOST = "$(BUILT_PRODUCTS_DIR)/DocToPDF.app/$(BUNDLE_EXECUTABLE_FOLDER_PATH)/DocToPDF";
			};
			name = Debug;
		};
		5E40CC9A2E464B9600CFE281 /* Release */ = {
			isa = XCBuildConfiguration;
			buildSettings = {
				BUNDLE_LOADER = "$(TEST_HOST)";
				CODE_SIGN_STYLE = Automatic;
				CURRENT_PROJECT_VERSION = 1;
				DEVELOPMENT_TEAM = Q588RW3XFK;
				GENERATE_INFOPLIST_FILE = YES;
				IPHONEOS_DEPLOYMENT_TARGET = 18.5;
				MARKETING_VERSION = 1.0;
				PRODUCT_BUNDLE_IDENTIFIER = "Devriel-Technologies.DocToPDFTests";
				PRODUCT_NAME = "$(TARGET_NAME)";
				SWIFT_EMIT_LOC_STRINGS = NO;
				SWIFT_VERSION = 5.0;
				TARGETED_DEVICE_FAMILY = "1,2";
				TEST_HOST = "$(BUILT_PRODUCTS_DIR)/DocToPDF.app/$(BUNDLE_EXECUTABLE_FOLDER_PATH)/DocToPDF";
			};
			name = Release;
		};
		5E40CC9C2E464B9600CFE281 /* Debug */ = {
			isa = XCBuildConfiguration;
			buildSettings = {
				CODE_SIGN_STYLE = Automatic;
				CURRENT_PROJECT_VERSION = 1;
				DEVELOPMENT_TEAM = Q588RW3XFK;
				GENERATE_INFOPLIST_FILE = YES;
				MARKETING_VERSION = 1.0;
				PRODUCT_BUNDLE_IDENTIFIER = "Devriel-Technologies.DocToPDFUITests";
				PRODUCT_NAME = "$(TARGET_NAME)";
				SWIFT_EMIT_LOC_STRINGS = NO;
				SWIFT_VERSION = 5.0;
				TARGETED_DEVICE_FAMILY = "1,2";
				TEST_TARGET_NAME = DocToPDF;
			};
			name = Debug;
		};
		5E40CC9D2E464B9600CFE281 /* Release */ = {
			isa = XCBuildConfiguration;
			buildSettings = {
				CODE_SIGN_STYLE = Automatic;
				CURRENT_PROJECT_VERSION = 1;
				DEVELOPMENT_TEAM = Q588RW3XFK;
				GENERATE_INFOPLIST_FILE = YES;
				MARKETING_VERSION = 1.0;
				PRODUCT_BUNDLE_IDENTIFIER = "Devriel-Technologies.DocToPDFUITests";
				PRODUCT_NAME = "$(TARGET_NAME)";
				SWIFT_EMIT_LOC_STRINGS = NO;
				SWIFT_VERSION = 5.0;
				TARGETED_DEVICE_FAMILY = "1,2";
				TEST_TARGET_NAME = DocToPDF;
			};
			name = Release;
		};
/* End XCBuildConfiguration section */

/* Begin XCConfigurationList section */
		5E40CC6F2E464B9400CFE281 /* Build configuration list for PBXProject "DocToPDF" */ = {
			isa = XCConfigurationList;
			buildConfigurations = (
				5E40CC932E464B9600CFE281 /* Debug */,
				5E40CC942E464B9600CFE281 /* Release */,
			);
			defaultConfigurationIsVisible = 0;
			defaultConfigurationName = Release;
		};
		5E40CC952E464B9600CFE281 /* Build configuration list for PBXNativeTarget "DocToPDF" */ = {
			isa = XCConfigurationList;
			buildConfigurations = (
				5E40CC962E464B9600CFE281 /* Debug */,
				5E40CC972E464B9600CFE281 /* Release */,
			);
			defaultConfigurationIsVisible = 0;
			defaultConfigurationName = Release;
		};
		5E40CC982E464B9600CFE281 /* Build configuration list for PBXNativeTarget "DocToPDFTests" */ = {
			isa = XCConfigurationList;
			buildConfigurations = (
				5E40CC992E464B9600CFE281 /* Debug */,
				5E40CC9A2E464B9600CFE281 /* Release */,
			);
			defaultConfigurationIsVisible = 0;
			defaultConfigurationName = Release;
		};
		5E40CC9B2E464B9600CFE281 /* Build configuration list for PBXNativeTarget "DocToPDFUITests" */ = {
			isa = XCConfigurationList;
			buildConfigurations = (
				5E40CC9C2E464B9600CFE281 /* Debug */,
				5E40CC9D2E464B9600CFE281 /* Release */,
			);
			defaultConfigurationIsVisible = 0;
			defaultConfigurationName = Release;
		};
/* End XCConfigurationList section */
	};
	rootObject = 5E40CC6C2E464B9400CFE281 /* Project object */;
}
